
Microsoft Visual Studio Solution File, Format Version 12.00
# Visual Studio Version 16
VisualStudioVersion = 16.0.29326.143
MinimumVisualStudioVersion = 10.0.40219.1
Project("{9A19103F-16F7-4668-BE54-9A1E7A4F7556}") = "DickinsonBros.Logger", "DickinsonBros.Logger\DickinsonBros.Logger.csproj", "{698AF79C-E4E1-4B32-8E41-CB930C4C652F}"
EndProject
Project("{2150E333-8FDC-42A3-9474-1A3956D46DE8}") = "1 Library", "1 Library", "{750743EA-2BBC-4D80-9A9D-262C8C611ACE}"
EndProject
Project("{2150E333-8FDC-42A3-9474-1A3956D46DE8}") = "9 Misc", "9 Misc", "{9FA09BA1-23B0-4136-A79E-55738435C632}"
	ProjectSection(SolutionItems) = preProject
		Scripts\CreateNugetPackagePreRelease.ps1 = Scripts\CreateNugetPackagePreRelease.ps1
		DickinsonBros.Logger.runsettings = DickinsonBros.Logger.runsettings
		Scripts\Publish.yml = Scripts\Publish.yml
		Scripts\Test.yml = Scripts\Test.yml
	EndProjectSection
EndProject
Project("{9A19103F-16F7-4668-BE54-9A1E7A4F7556}") = "DickinsonBros.Logger.Tests", "DickinsonBros.Logger.Tests\DickinsonBros.Logger.Tests.csproj", "{77A14F2C-D879-443F-9B83-261CD8D2A48C}"
EndProject
Global
	GlobalSection(SolutionConfigurationPlatforms) = preSolution
		Debug|Any CPU = Debug|Any CPU
		Release|Any CPU = Release|Any CPU
	EndGlobalSection
	GlobalSection(ProjectConfigurationPlatforms) = postSolution
		{698AF79C-E4E1-4B32-8E41-CB930C4C652F}.Debug|Any CPU.ActiveCfg = Debug|Any CPU
		{698AF79C-E4E1-4B32-8E41-CB930C4C652F}.Debug|Any CPU.Build.0 = Debug|Any CPU
		{698AF79C-E4E1-4B32-8E41-CB930C4C652F}.Release|Any CPU.ActiveCfg = Release|Any CPU
		{698AF79C-E4E1-4B32-8E41-CB930C4C652F}.Release|Any CPU.Build.0 = Release|Any CPU
		{77A14F2C-D879-443F-9B83-261CD8D2A48C}.Debug|Any CPU.ActiveCfg = Debug|Any CPU
		{77A14F2C-D879-443F-9B83-261CD8D2A48C}.Debug|Any CPU.Build.0 = Debug|Any CPU
		{77A14F2C-D879-443F-9B83-261CD8D2A48C}.Release|Any CPU.ActiveCfg = Release|Any CPU
		{77A14F2C-D879-443F-9B83-261CD8D2A48C}.Release|Any CPU.Build.0 = Release|Any CPU
	EndGlobalSection
	GlobalSection(SolutionProperties) = preSolution
		HideSolutionNode = FALSE
	EndGlobalSection
	GlobalSection(NestedProjects) = preSolution
		{698AF79C-E4E1-4B32-8E41-CB930C4C652F} = {750743EA-2BBC-4D80-9A9D-262C8C611ACE}
		{77A14F2C-D879-443F-9B83-261CD8D2A48C} = {750743EA-2BBC-4D80-9A9D-262C8C611ACE}
	EndGlobalSection
	GlobalSection(ExtensibilityGlobals) = postSolution
		SolutionGuid = {ECCD31BA-0C8F-45CD-8320-B0A16F6B1F98}
	EndGlobalSection
EndGlobal
