
Microsoft Visual Studio Solution File, Format Version 12.00
# Visual Studio Version 16
VisualStudioVersion = 16.0.29326.143
MinimumVisualStudioVersion = 10.0.40219.1
Project("{2150E333-8FDC-42A3-9474-1A3956D46DE8}") = "1 Source", "1 Source", "{750743EA-2BBC-4D80-9A9D-262C8C611ACE}"
EndProject
Project("{2150E333-8FDC-42A3-9474-1A3956D46DE8}") = "3 Runner", "3 Runner", "{9FA09BA1-23B0-4136-A79E-55738435C632}"
EndProject
Project("{2150E333-8FDC-42A3-9474-1A3956D46DE8}") = "2 Tests", "2 Tests", "{31EB1811-CCD7-450D-BB1A-D83933F6E027}"
	ProjectSection(SolutionItems) = preProject
		Tests\DickinsonBros.Logger.runsettings = Tests\DickinsonBros.Logger.runsettings
	EndProjectSection
EndProject
Project("{2150E333-8FDC-42A3-9474-1A3956D46DE8}") = "4 Scripts", "4 Scripts", "{E2026151-C8DE-4113-AC94-2553573A61E1}"
	ProjectSection(SolutionItems) = preProject
		Scripts\Prerelease.DickinsonBros.Logger.ps1 = Scripts\Prerelease.DickinsonBros.Logger.ps1
		Scripts\Publish.yml = Scripts\Publish.yml
		Scripts\Test.yml = Scripts\Test.yml
	EndProjectSection
EndProject
Project("{9A19103F-16F7-4668-BE54-9A1E7A4F7556}") = "DickinsonBros.Logger", "Source\DickinsonBros.Logger\DickinsonBros.Logger.csproj", "{70B8ACC1-7270-49C2-B599-00C9A6009473}"
EndProject
Project("{9A19103F-16F7-4668-BE54-9A1E7A4F7556}") = "DickinsonBros.Logger.Tests", "Tests\DickinsonBros.Logger.Tests\DickinsonBros.Logger.Tests.csproj", "{A0A860AD-80AC-4FC7-AF8F-613D76C243FA}"
EndProject
Project("{9A19103F-16F7-4668-BE54-9A1E7A4F7556}") = "DickinsonBros.Logger.Runner", "Runner\DickinsonBros.Logger.Runner\DickinsonBros.Logger.Runner.csproj", "{FF1BBFED-0DCA-4868-80DD-D7B2184B91CE}"
EndProject
Global
	GlobalSection(SolutionConfigurationPlatforms) = preSolution
		Debug|Any CPU = Debug|Any CPU
		Release|Any CPU = Release|Any CPU
	EndGlobalSection
	GlobalSection(ProjectConfigurationPlatforms) = postSolution
		{70B8ACC1-7270-49C2-B599-00C9A6009473}.Debug|Any CPU.ActiveCfg = Debug|Any CPU
		{70B8ACC1-7270-49C2-B599-00C9A6009473}.Debug|Any CPU.Build.0 = Debug|Any CPU
		{70B8ACC1-7270-49C2-B599-00C9A6009473}.Release|Any CPU.ActiveCfg = Release|Any CPU
		{70B8ACC1-7270-49C2-B599-00C9A6009473}.Release|Any CPU.Build.0 = Release|Any CPU
		{A0A860AD-80AC-4FC7-AF8F-613D76C243FA}.Debug|Any CPU.ActiveCfg = Debug|Any CPU
		{A0A860AD-80AC-4FC7-AF8F-613D76C243FA}.Debug|Any CPU.Build.0 = Debug|Any CPU
		{A0A860AD-80AC-4FC7-AF8F-613D76C243FA}.Release|Any CPU.ActiveCfg = Release|Any CPU
		{A0A860AD-80AC-4FC7-AF8F-613D76C243FA}.Release|Any CPU.Build.0 = Release|Any CPU
		{FF1BBFED-0DCA-4868-80DD-D7B2184B91CE}.Debug|Any CPU.ActiveCfg = Debug|Any CPU
		{FF1BBFED-0DCA-4868-80DD-D7B2184B91CE}.Debug|Any CPU.Build.0 = Debug|Any CPU
		{FF1BBFED-0DCA-4868-80DD-D7B2184B91CE}.Release|Any CPU.ActiveCfg = Release|Any CPU
		{FF1BBFED-0DCA-4868-80DD-D7B2184B91CE}.Release|Any CPU.Build.0 = Release|Any CPU
	EndGlobalSection
	GlobalSection(SolutionProperties) = preSolution
		HideSolutionNode = FALSE
	EndGlobalSection
	GlobalSection(NestedProjects) = preSolution
		{70B8ACC1-7270-49C2-B599-00C9A6009473} = {750743EA-2BBC-4D80-9A9D-262C8C611ACE}
		{A0A860AD-80AC-4FC7-AF8F-613D76C243FA} = {31EB1811-CCD7-450D-BB1A-D83933F6E027}
		{FF1BBFED-0DCA-4868-80DD-D7B2184B91CE} = {9FA09BA1-23B0-4136-A79E-55738435C632}
	EndGlobalSection
	GlobalSection(ExtensibilityGlobals) = postSolution
		SolutionGuid = {ECCD31BA-0C8F-45CD-8320-B0A16F6B1F98}
	EndGlobalSection
EndGlobal
